
Microsoft Visual Studio Solution File, Format Version 12.00
# Visual Studio Version 16
VisualStudioVersion = 16.0.29403.142
MinimumVisualStudioVersion = 10.0.40219.1
Project("{FAE04EC0-301F-11D3-BF4B-00C04F79EFBC}") = "GantChart", "GantChart.csproj", "{2454694C-44D2-46BD-A996-70D8FF5105BB}"
EndProject
Global
	GlobalSection(SolutionConfigurationPlatforms) = preSolution
		Debug|Any CPU = Debug|Any CPU
		Release|Any CPU = Release|Any CPU
	EndGlobalSection
	GlobalSection(ProjectConfigurationPlatforms) = postSolution
		{2454694C-44D2-46BD-A996-70D8FF5105BB}.Debug|Any CPU.ActiveCfg = Debug|Any CPU
		{2454694C-44D2-46BD-A996-70D8FF5105BB}.Debug|Any CPU.Build.0 = Debug|Any CPU
		{2454694C-44D2-46BD-A996-70D8FF5105BB}.Release|Any CPU.ActiveCfg = Release|Any CPU
		{2454694C-44D2-46BD-A996-70D8FF5105BB}.Release|Any CPU.Build.0 = Release|Any CPU
	EndGlobalSection
	GlobalSection(SolutionProperties) = preSolution
		HideSolutionNode = FALSE
	EndGlobalSection
	GlobalSection(ExtensibilityGlobals) = postSolution
		SolutionGuid = {E8F1D722-2CD6-48D3-BE57-980F655B6D36}
	EndGlobalSection
EndGlobal
